Microsoft Visual Studio Solution File, Format Version 12.00
# Visual Studio 2012
Project("{FAE04EC0-301F-11D3-BF4B-00C04F79EFBC}") = "GodotmonitoringEngine", "GodotmonitoringEngine.csproj", "{385EC38A-64DA-4B80-A585-4FA7F326ACED}"
EndProject
Global
	GlobalSection(SolutionConfigurationPlatforms) = preSolution
	Debug|Any CPU = Debug|Any CPU
	ExportDebug|Any CPU = ExportDebug|Any CPU
	ExportRelease|Any CPU = ExportRelease|Any CPU
	EndGlobalSection
	GlobalSection(ProjectConfigurationPlatforms) = postSolution
		{385EC38A-64DA-4B80-A585-4FA7F326ACED}.Debug|Any CPU.ActiveCfg = Debug|Any CPU
		{385EC38A-64DA-4B80-A585-4FA7F326ACED}.Debug|Any CPU.Build.0 = Debug|Any CPU
		{385EC38A-64DA-4B80-A585-4FA7F326ACED}.ExportDebug|Any CPU.ActiveCfg = ExportDebug|Any CPU
		{385EC38A-64DA-4B80-A585-4FA7F326ACED}.ExportDebug|Any CPU.Build.0 = ExportDebug|Any CPU
		{385EC38A-64DA-4B80-A585-4FA7F326ACED}.ExportRelease|Any CPU.ActiveCfg = ExportRelease|Any CPU
		{385EC38A-64DA-4B80-A585-4FA7F326ACED}.ExportRelease|Any CPU.Build.0 = ExportRelease|Any CPU
	EndGlobalSection
EndGlobal
